{
  "name": "epoll-errors",
  "version": "1.0.0",
  "lockfileVersion": 1,
  "requires": true,
  "dependencies": {
    "exceptional.js": {
      "version": "0.6.2",
      "resolved": "https://registry.npmjs.org/exceptional.js/-/exceptional.js-0.6.2.tgz",
      "integrity": "sha512-oGwtYrayuqoGdBvg9E+XJuKLQDpimsTaNJMoHgVjJxSlKVHhQ7KnmB4bHQ1W8Y1bgrkBLNX5JJ8T9bS0r4RSwg=="
    }
  }
}
